{
    "_meta": {
        "hash": {
            "sha256": "18e015ed0086aba9a6054914115101dd59aa5d457a7ea648bb1c6f2c46f8d5e4"
        },
        "host-environment-markers": {
            "implementation_name": "cpython",
            "implementation_version": "3.6.4",
            "os_name": "posix",
            "platform_machine": "x86_64",
            "platform_python_implementation": "CPython",
            "platform_release": "17.4.0",
            "platform_system": "Darwin",
            "platform_version": "Darwin Kernel Version 17.4.0: Sun Dec 17 09:19:54 PST 2017; root:xnu-4570.41.2~1/RELEASE_X86_64",
            "python_full_version": "3.6.4",
            "python_version": "3.6",
            "sys_platform": "darwin"
        },
        "pipfile-spec": 6,
        "requires": {},
        "sources": [
            {
                "name": "pypi",
                "url": "https://pypi.python.org/simple",
                "verify_ssl": true
            }
        ]
    },
    "default": {
        "cython": {
            "hashes": [
                "sha256:98262ce1805a0330d755006d3d72c203279f84881ce08eecf2b6fd9b5b66e9cd",
                "sha256:941e836335d97226ca98cd613d2a8db65e7fdfeec0707b6bf8fc7f923a360903",
                "sha256:396a1c5ecc4210dd41b6521cd8398e7955784982b5a369695ae21176db31bdf7",
                "sha256:4c11f0b79abac9779c24c0fbeeac21389766ffa60db54caa043292091091d2b4",
                "sha256:fedfa9211e4abfd75022e1b9124e395374f88c88442523de8c2ede117711ffe3",
                "sha256:d91e105fef5a622d776380c4e49a2c5e28d6be631d384756b67d561c09692eb1",
                "sha256:1a4e373da9c1a20b48b0f542fdd01b79841f51297075df9c6049c20203409d81",
                "sha256:64961a6003bd236988d063d76754bd47565a4fdf26e0699e89282682179211e6",
                "sha256:50f4e33b164bceb821d1c4375d7668ad17aeac7a78ec245a861386d5ce0a0563",
                "sha256:738d510499c2d92b307d26ad6bc5794bbed21105679124b78f92f05c6d58776f",
                "sha256:3fc982053c4a780c98448882c02a9b7ef85be6308b714e5b78be72e67b748fee",
                "sha256:ebb35f14ac61779465b1c97515bd1a7886fa795780bc35eb354b192a32896768",
                "sha256:5dbf22d73cca80bab3e82f0bb7579ec07fcab9baed728e374ea454c423f3c9a3",
                "sha256:9a60e6e283bddf3d2cf674d896c457e9ee3cf2eeb679a9392c57e93da658067f",
                "sha256:54b73ff7a5c59d8455655e97c412b9e7b6b4f484c33a21fd66f463fc16d8d700",
                "sha256:64ec98d442ab2b56a1e743a7c524c4456c78757245c53cd102dd4f60b6981cf1",
                "sha256:7ff8250b1cc70e35d878cacffaea9ea875125f8c71f856ec93307e8dd5f8d059",
                "sha256:6b20e1aa533be34c333aa67c37dcb8fa5281e80f155f7d44ed8e86fb6283d368",
                "sha256:b6fdf64c756bc42eca4f42cd3b81a3b746126868edf34c6e10f6fcf6b7717338",
                "sha256:3f683f22c0221b4d65e6a1738f4e8c17a0719d6e82a86b0897c74fa0d24fef78",
                "sha256:a9e2cbfdeb6e4eeb3f95e2dcc92d71cbb36cf042b987b6810e3e759869085410",
                "sha256:1fdb73fda01469bfe0c26f79ef62348888ea11bce9b92c187b58a7f9a30a9e2f",
                "sha256:d07db732baa5fa5ca9383b272b50905e65665e1b4ea28426708f847bb41eeab2",
                "sha256:ef5e49ed50c856e31d134164a05bfc9ea2f65d2d40ed65dd1dfd455a93b73d40",
                "sha256:710c4b312a2c752101e34d6875f9a5ab24956d41016430e8cb453de7137be464",
                "sha256:c7df43ee3fade5471a5a990d90b4c44a3b964e63b101759ccf6a06c049d6b2a4",
                "sha256:7c2f3fb93d5cfe57d6b965c5cb29083e122af528efbb27e00c2a3a59c6fd4ddd",
                "sha256:71e47fbe29e78e7bb2d998f90d9051442c33560549a61777f5696b3ee18729d4",
                "sha256:31d155b4e4902644bd2867c624b1cd3e11545b213f84a1d028f0df14a3b22612",
                "sha256:fbb7d093d541f4ccccdff33897d87e85503be5c5ebe05f25fe6a6648238f507a",
                "sha256:c0dcca01098684d4356604077ef644c046643bb766ee237cad88ae4e82921445",
                "sha256:bacce121c7d30801f72ef0268a265e6506f11690056bdd14fd41b6b6204d8db3",
                "sha256:f11e9445830125000a353a9e49ff3d1b6f0f43affe2925222c8790ca03a19483",
                "sha256:c2e63c4794161135adafa8aa4a855d6068073f421c83ffacc39369497a189dd5"
            ],
            "version": "==0.26.1"
        },
        "d4a76af": {
            "file": "https://github.com/kivy/kivy/archive/master.zip"
        }
    },
    "develop": {}
}
